
Microsoft Visual Studio Solution File, Format Version 12.00
# Visual Studio Version 16
VisualStudioVersion = 16.0.29009.5
MinimumVisualStudioVersion = 10.0.40219.1
Project("{FAE04EC0-301F-11D3-BF4B-00C04F79EFBC}") = "ONA_Stores", "ONA-Clinics\ONA_Stores.csproj", "{8AF73B1C-5673-454B-AFD1-8234BDA25F3F}"
EndProject
Global
	GlobalSection(SolutionConfigurationPlatforms) = preSolution
		Debug|Any CPU = Debug|Any CPU
		Release|Any CPU = Release|Any CPU
	EndGlobalSection
	GlobalSection(ProjectConfigurationPlatforms) = postSolution
		{8AF73B1C-5673-454B-AFD1-8234BDA25F3F}.Debug|Any CPU.ActiveCfg = Debug|Any CPU
		{8AF73B1C-5673-454B-AFD1-8234BDA25F3F}.Debug|Any CPU.Build.0 = Debug|Any CPU
		{8AF73B1C-5673-454B-AFD1-8234BDA25F3F}.Release|Any CPU.ActiveCfg = Release|Any CPU
		{8AF73B1C-5673-454B-AFD1-8234BDA25F3F}.Release|Any CPU.Build.0 = Release|Any CPU
	EndGlobalSection
	GlobalSection(SolutionProperties) = preSolution
		HideSolutionNode = FALSE
	EndGlobalSection
	GlobalSection(ExtensibilityGlobals) = postSolution
		SolutionGuid = {A0388CAC-4C1A-4388-AF05-51EA74F5C9AE}
	EndGlobalSection
EndGlobal
